
Microsoft Visual Studio Solution File, Format Version 12.00
# Visual Studio Version 17
VisualStudioVersion = 17.0.31903.59
MinimumVisualStudioVersion = 10.0.40219.1
Project("{2150E333-8FDC-42A3-9474-1A3956D46DE8}") = "src", "src", "{6AD47F7C-DAD2-46BE-B1E5-23FD188B7B4C}"
EndProject
Project("{2150E333-8FDC-42A3-9474-1A3956D46DE8}") = "test", "test", "{74839808-1497-4278-9C6C-6FE742DA0180}"
EndProject
Project("{2150E333-8FDC-42A3-9474-1A3956D46DE8}") = "deploy", "deploy", "{8C16EE0B-4C30-48EB-B6A6-9001D53F090C}"
EndProject
Project("{9A19103F-16F7-4668-BE54-9A1E7A4F7556}") = "Common", "src\Common\Common.csproj", "{C78969A1-2A69-45D0-BC28-40565302ED3D}"
EndProject
Project("{2150E333-8FDC-42A3-9474-1A3956D46DE8}") = "props", "props", "{58CC4557-4185-4DD4-9040-772CC00F1518}"
	ProjectSection(SolutionItems) = preProject
		.editorconfig = .editorconfig
	EndProjectSection
EndProject
Project("{9A19103F-16F7-4668-BE54-9A1E7A4F7556}") = "SourceGenerators", "tools\SourceGenerators\SourceGenerators.csproj", "{C5CDBD47-99DE-4CCD-BBA0-597A78884638}"
EndProject
Project("{2150E333-8FDC-42A3-9474-1A3956D46DE8}") = "tools", "tools", "{DDEC6388-D5F3-4B2F-93C3-5E95E632C9F0}"
EndProject
Project("{9A19103F-16F7-4668-BE54-9A1E7A4F7556}") = "Admin", "src\Admin\Admin.csproj", "{5DC14B37-8C7E-4ED7-AC3E-4E8BBEB72BFB}"
EndProject
Project("{9A19103F-16F7-4668-BE54-9A1E7A4F7556}") = "Admin.Tests", "test\Admin.Tests\Admin.Tests.csproj", "{F182BCC4-E4D2-449F-99FC-19D8DC78D5A7}"
EndProject
Project("{2150E333-8FDC-42A3-9474-1A3956D46DE8}") = "props", "props", "{4AAA8902-0D59-4AC1-B8B8-2EEF4353B1BC}"
	ProjectSection(SolutionItems) = preProject
		test\Directory.Build.props = test\Directory.Build.props
		test\Directory.Packages.props = test\Directory.Packages.props
	EndProjectSection
EndProject
Project("{9A19103F-16F7-4668-BE54-9A1E7A4F7556}") = "Core", "src\Core\Core.csproj", "{D35F0B3B-3D01-4483-89E9-842B9FB66B58}"
EndProject
Project("{9A19103F-16F7-4668-BE54-9A1E7A4F7556}") = "Core.Tests", "test\Core.Tests\Core.Tests.csproj", "{342078C6-404B-4B9B-A2AC-AF9957D93AB9}"
EndProject
Project("{9A19103F-16F7-4668-BE54-9A1E7A4F7556}") = "Common.Tests", "test\Common.Tests\Common.Tests.csproj", "{1F07B6DD-0680-491A-B488-69E9C81637BB}"
EndProject
Project("{9A19103F-16F7-4668-BE54-9A1E7A4F7556}") = "Hypotheek", "src\Hypotheek\Hypotheek.csproj", "{8FF67625-2F7C-438D-86AC-9097EDDAFFDF}"
EndProject
Project("{9A19103F-16F7-4668-BE54-9A1E7A4F7556}") = "Hypotheek.Tests", "test\Hypotheek.Tests\Hypotheek.Tests.csproj", "{B0DD36B3-EBF6-4CDB-887C-A7017DD80AE2}"
EndProject
Project("{9A19103F-16F7-4668-BE54-9A1E7A4F7556}") = "HypotheekAdviseur", "src\HypotheekAdviseur\HypotheekAdviseur.csproj", "{E6A64655-BC1F-4E62-871C-CB382530151B}"
EndProject
Project("{2150E333-8FDC-42A3-9474-1A3956D46DE8}") = "props", "props", "{1252D932-7040-4268-B3AC-1DEB112A4AF5}"
	ProjectSection(SolutionItems) = preProject
		src\Directory.Build.props = src\Directory.Build.props
		src\Directory.Packages.props = src\Directory.Packages.props
	EndProjectSection
EndProject
Global
	GlobalSection(SolutionConfigurationPlatforms) = preSolution
		Debug|Any CPU = Debug|Any CPU
		Release|Any CPU = Release|Any CPU
	EndGlobalSection
	GlobalSection(ProjectConfigurationPlatforms) = postSolution
		{C78969A1-2A69-45D0-BC28-40565302ED3D}.Debug|Any CPU.ActiveCfg = Debug|Any CPU
		{C78969A1-2A69-45D0-BC28-40565302ED3D}.Debug|Any CPU.Build.0 = Debug|Any CPU
		{C78969A1-2A69-45D0-BC28-40565302ED3D}.Release|Any CPU.ActiveCfg = Release|Any CPU
		{C78969A1-2A69-45D0-BC28-40565302ED3D}.Release|Any CPU.Build.0 = Release|Any CPU
		{C5CDBD47-99DE-4CCD-BBA0-597A78884638}.Debug|Any CPU.ActiveCfg = Debug|Any CPU
		{C5CDBD47-99DE-4CCD-BBA0-597A78884638}.Debug|Any CPU.Build.0 = Debug|Any CPU
		{C5CDBD47-99DE-4CCD-BBA0-597A78884638}.Release|Any CPU.ActiveCfg = Release|Any CPU
		{C5CDBD47-99DE-4CCD-BBA0-597A78884638}.Release|Any CPU.Build.0 = Release|Any CPU
		{5DC14B37-8C7E-4ED7-AC3E-4E8BBEB72BFB}.Debug|Any CPU.ActiveCfg = Debug|Any CPU
		{5DC14B37-8C7E-4ED7-AC3E-4E8BBEB72BFB}.Debug|Any CPU.Build.0 = Debug|Any CPU
		{5DC14B37-8C7E-4ED7-AC3E-4E8BBEB72BFB}.Release|Any CPU.ActiveCfg = Release|Any CPU
		{5DC14B37-8C7E-4ED7-AC3E-4E8BBEB72BFB}.Release|Any CPU.Build.0 = Release|Any CPU
		{F182BCC4-E4D2-449F-99FC-19D8DC78D5A7}.Debug|Any CPU.ActiveCfg = Debug|Any CPU
		{F182BCC4-E4D2-449F-99FC-19D8DC78D5A7}.Debug|Any CPU.Build.0 = Debug|Any CPU
		{F182BCC4-E4D2-449F-99FC-19D8DC78D5A7}.Release|Any CPU.ActiveCfg = Release|Any CPU
		{F182BCC4-E4D2-449F-99FC-19D8DC78D5A7}.Release|Any CPU.Build.0 = Release|Any CPU
		{D35F0B3B-3D01-4483-89E9-842B9FB66B58}.Debug|Any CPU.ActiveCfg = Debug|Any CPU
		{D35F0B3B-3D01-4483-89E9-842B9FB66B58}.Debug|Any CPU.Build.0 = Debug|Any CPU
		{D35F0B3B-3D01-4483-89E9-842B9FB66B58}.Release|Any CPU.ActiveCfg = Release|Any CPU
		{D35F0B3B-3D01-4483-89E9-842B9FB66B58}.Release|Any CPU.Build.0 = Release|Any CPU
		{342078C6-404B-4B9B-A2AC-AF9957D93AB9}.Debug|Any CPU.ActiveCfg = Debug|Any CPU
		{342078C6-404B-4B9B-A2AC-AF9957D93AB9}.Debug|Any CPU.Build.0 = Debug|Any CPU
		{342078C6-404B-4B9B-A2AC-AF9957D93AB9}.Release|Any CPU.ActiveCfg = Release|Any CPU
		{342078C6-404B-4B9B-A2AC-AF9957D93AB9}.Release|Any CPU.Build.0 = Release|Any CPU
		{1F07B6DD-0680-491A-B488-69E9C81637BB}.Debug|Any CPU.ActiveCfg = Debug|Any CPU
		{1F07B6DD-0680-491A-B488-69E9C81637BB}.Debug|Any CPU.Build.0 = Debug|Any CPU
		{1F07B6DD-0680-491A-B488-69E9C81637BB}.Release|Any CPU.ActiveCfg = Release|Any CPU
		{1F07B6DD-0680-491A-B488-69E9C81637BB}.Release|Any CPU.Build.0 = Release|Any CPU
		{8FF67625-2F7C-438D-86AC-9097EDDAFFDF}.Debug|Any CPU.ActiveCfg = Debug|Any CPU
		{8FF67625-2F7C-438D-86AC-9097EDDAFFDF}.Debug|Any CPU.Build.0 = Debug|Any CPU
		{8FF67625-2F7C-438D-86AC-9097EDDAFFDF}.Release|Any CPU.ActiveCfg = Release|Any CPU
		{8FF67625-2F7C-438D-86AC-9097EDDAFFDF}.Release|Any CPU.Build.0 = Release|Any CPU
		{B0DD36B3-EBF6-4CDB-887C-A7017DD80AE2}.Debug|Any CPU.ActiveCfg = Debug|Any CPU
		{B0DD36B3-EBF6-4CDB-887C-A7017DD80AE2}.Debug|Any CPU.Build.0 = Debug|Any CPU
		{B0DD36B3-EBF6-4CDB-887C-A7017DD80AE2}.Release|Any CPU.ActiveCfg = Release|Any CPU
		{B0DD36B3-EBF6-4CDB-887C-A7017DD80AE2}.Release|Any CPU.Build.0 = Release|Any CPU
		{E6A64655-BC1F-4E62-871C-CB382530151B}.Debug|Any CPU.ActiveCfg = Debug|Any CPU
		{E6A64655-BC1F-4E62-871C-CB382530151B}.Debug|Any CPU.Build.0 = Debug|Any CPU
		{E6A64655-BC1F-4E62-871C-CB382530151B}.Release|Any CPU.ActiveCfg = Release|Any CPU
		{E6A64655-BC1F-4E62-871C-CB382530151B}.Release|Any CPU.Build.0 = Release|Any CPU
	EndGlobalSection
	GlobalSection(SolutionProperties) = preSolution
		HideSolutionNode = FALSE
	EndGlobalSection
	GlobalSection(NestedProjects) = preSolution
		{C78969A1-2A69-45D0-BC28-40565302ED3D} = {6AD47F7C-DAD2-46BE-B1E5-23FD188B7B4C}
		{C5CDBD47-99DE-4CCD-BBA0-597A78884638} = {DDEC6388-D5F3-4B2F-93C3-5E95E632C9F0}
		{5DC14B37-8C7E-4ED7-AC3E-4E8BBEB72BFB} = {6AD47F7C-DAD2-46BE-B1E5-23FD188B7B4C}
		{F182BCC4-E4D2-449F-99FC-19D8DC78D5A7} = {74839808-1497-4278-9C6C-6FE742DA0180}
		{4AAA8902-0D59-4AC1-B8B8-2EEF4353B1BC} = {74839808-1497-4278-9C6C-6FE742DA0180}
		{D35F0B3B-3D01-4483-89E9-842B9FB66B58} = {6AD47F7C-DAD2-46BE-B1E5-23FD188B7B4C}
		{342078C6-404B-4B9B-A2AC-AF9957D93AB9} = {74839808-1497-4278-9C6C-6FE742DA0180}
		{1F07B6DD-0680-491A-B488-69E9C81637BB} = {74839808-1497-4278-9C6C-6FE742DA0180}
		{8FF67625-2F7C-438D-86AC-9097EDDAFFDF} = {6AD47F7C-DAD2-46BE-B1E5-23FD188B7B4C}
		{B0DD36B3-EBF6-4CDB-887C-A7017DD80AE2} = {74839808-1497-4278-9C6C-6FE742DA0180}
		{E6A64655-BC1F-4E62-871C-CB382530151B} = {6AD47F7C-DAD2-46BE-B1E5-23FD188B7B4C}
		{1252D932-7040-4268-B3AC-1DEB112A4AF5} = {6AD47F7C-DAD2-46BE-B1E5-23FD188B7B4C}
	EndGlobalSection
	GlobalSection(ExtensibilityGlobals) = postSolution
		SolutionGuid = {C95BB690-2D25-4A31-93D7-554ACA6FAE2B}
	EndGlobalSection
EndGlobal
